<?xml version="1.0" encoding="UTF-8"?>
<Scheme LastUpgradeVersion = "1620" version = "1.7">
   <BuildAction parallelizeBuildables = "YES" buildImplicitDependencies = "YES">
      <BuildActionEntries>
         <BuildActionEntry buildForTesting = "YES" buildForRunning = "YES" buildForProfiling = "YES" buildForArchiving = "YES" buildForAnalyzing = "YES">
            <BuildableReference BuildableIdentifier = "primary" BlueprintIdentifier = "8FD0002A75D948EE79C4FDEB" BuildableName = "OCQAHarnessUITests.xctest" BlueprintName = "OCQAHarnessUITests" ReferencedContainer = "container:OCQAHarness.xcodeproj"/>
         </BuildActionEntry>
      </BuildActionEntries>
   </BuildAction>
   <TestAction buildConfiguration = "Debug" selectedDebuggerIdentifier = "Xcode.DebuggerFoundation.Debugger.LLDB" selectedLauncherIdentifier = "Xcode.DebuggerFoundation.Launcher.LLDB" shouldUseLaunchSchemeArgsEnv = "YES">
      <Testables>
         <TestableReference skipped = "NO">
            <BuildableReference BuildableIdentifier = "primary" BlueprintIdentifier = "8FD0002A75D948EE79C4FDEB" BuildableName = "OCQAHarnessUITests.xctest" BlueprintName = "OCQAHarnessUITests" ReferencedContainer = "container:OCQAHarness.xcodeproj"/>
         </TestableReference>
      </Testables>
   </TestAction>
   <LaunchAction buildConfiguration = "Debug" selectedDebuggerIdentifier = "Xcode.DebuggerFoundation.Debugger.LLDB" selectedLauncherIdentifier = "Xcode.DebuggerFoundation.Launcher.LLDB" launchStyle = "0" useCustomWorkingDirectory = "NO" ignoresPersistentStateOnLaunch = "NO" debugDocumentVersioning = "YES" debugServiceExtension = "internal" allowLocationSimulation = "YES">
      <BuildableProductRunnable runnableDebuggingMode = "0">
         <BuildableReference BuildableIdentifier = "primary" BlueprintIdentifier = "EAC02A5E44291747D888CAF7" BuildableName = "OCQAHarness.app" BlueprintName = "OCQAHarness" ReferencedContainer = "container:OCQAHarness.xcodeproj"/>
      </BuildableProductRunnable>
   </LaunchAction>
</Scheme>
